<?xml version="1.0" encoding="utf-8"?>
<Project ToolsVersion="4.0" xmlns="http://schemas.microsoft.com/developer/msbuild/2003">
  <ItemGroup>
    <Filter Include="Source Files">
      <UniqueIdentifier>{4FC737F1-C7A5-4376-A066-2A32D752A2FF}</UniqueIdentifier>
      <Extensions>cpp;c;cc;cxx;c++;cppm;ixx;def;odl;idl;hpj;bat;asm;asmx</Extensions>
    </Filter>
    <Filter Include="Header Files">
      <UniqueIdentifier>{93995380-89BD-4b04-88EB-625FBE52EBFB}</UniqueIdentifier>
      <Extensions>h;hh;hpp;hxx;h++;hm;inl;inc;ipp;xsd</Extensions>
    </Filter>
    <Filter Include="Resource Files">
      <UniqueIdentifier>{67DA6AB6-F800-4c08-8B7A-83BB121AAD01}</UniqueIdentifier>
      <Extensions>rc;ico;cur;bmp;dlg;rc2;rct;bin;rgs;gif;jpg;jpeg;jpe;resx;tiff;tif;png;wav;mfcribbon-ms</Extensions>
    </Filter>
  </ItemGroup>
  <ItemGroup>
    <ClCompile Include="HomePage.cpp">
      <Filter>Source Files</Filter>
    </ClCompile>
    <ClCompile Include="ThemeEditPage.cpp">
      <Filter>Source Files</Filter>
    </ClCompile>
    <ClCompile Include="MainForm.cpp">
      <Filter>Source Files</Filter>
    </ClCompile>
    <ClCompile Include="NewMatchOptionPage.cpp">
      <Filter>Source Files</Filter>
    </ClCompile>
    <ClCompile Include="ViewReplayOptionPage.cpp">
      <Filter>Source Files</Filter>
    </ClCompile>
    <ClCompile Include="MatchGameplayPage.cpp">
      <Filter>Source Files</Filter>
    </ClCompile>
  </ItemGroup>
  <ItemGroup>
    <ClInclude Include="HomePage.h">
      <Filter>Header Files</Filter>
    </ClInclude>
    <ClInclude Include="ThemeEditPage.h">
      <Filter>Header Files</Filter>
    </ClInclude>
    <ClInclude Include="MainForm.h">
      <Filter>Header Files</Filter>
    </ClInclude>
    <ClInclude Include="NewMatchOptionPage.h">
      <Filter>Header Files</Filter>
    </ClInclude>
    <ClInclude Include="ViewReplayOptionPage.h">
      <Filter>Header Files</Filter>
    </ClInclude>
    <ClInclude Include="MatchGameplayPage.h">
      <Filter>Header Files</Filter>
    </ClInclude>
    <ClInclude Include="MatchGameplayPageWrapper.h">
      <Filter>Header Files</Filter>
    </ClInclude>
  </ItemGroup>
  <ItemGroup>
    <EmbeddedResource Include="Resource.resx">
      <Filter>Header Files</Filter>
    </EmbeddedResource>
  </ItemGroup>
  <ItemGroup>
    <Image Include="light-theme-x.bmp">
      <Filter>Resource Files</Filter>
    </Image>
    <Image Include="..\Debug\Resources\light-theme-x.png">
      <Filter>Resource Files</Filter>
    </Image>
    <Image Include="..\Debug\Resources\dark-theme-o.png">
      <Filter>Resource Files</Filter>
    </Image>
    <Image Include="..\Debug\Resources\dark-theme-x.png">
      <Filter>Resource Files</Filter>
    </Image>
    <Image Include="..\Debug\Resources\light-theme-o.png">
      <Filter>Resource Files</Filter>
    </Image>
    <Image Include="..\Debug\Resources\newLogo.png">
      <Filter>Resource Files</Filter>
    </Image>
    <Image Include="..\Debug\Resources\sound-button-off.png">
      <Filter>Resource Files</Filter>
    </Image>
    <Image Include="..\Debug\Resources\sound-button-on.png">
      <Filter>Resource Files</Filter>
    </Image>
    <Image Include="..\Debug\Resources\wcsu-theme-o.png">
      <Filter>Resource Files</Filter>
    </Image>
    <Image Include="..\Debug\Resources\wcsu-theme-x.png">
      <Filter>Resource Files</Filter>
    </Image>
  </ItemGroup>
  <ItemGroup>
    <Media Include="..\Debug\Resources\light-theme-p1move.wav">
      <Filter>Resource Files</Filter>
    </Media>
    <Media Include="..\Debug\Resources\light-theme-p2win.wav">
      <Filter>Resource Files</Filter>
    </Media>
    <Media Include="..\Debug\Resources\dark-theme-p1move.wav">
      <Filter>Resource Files</Filter>
    </Media>
    <Media Include="..\Debug\Resources\dark-theme-p1win.wav">
      <Filter>Resource Files</Filter>
    </Media>
    <Media Include="..\Debug\Resources\dark-theme-p2move.wav">
      <Filter>Resource Files</Filter>
    </Media>
    <Media Include="..\Debug\Resources\dark-theme-p2win.wav">
      <Filter>Resource Files</Filter>
    </Media>
    <Media Include="..\Debug\Resources\light-theme-p1win.wav">
      <Filter>Resource Files</Filter>
    </Media>
    <Media Include="..\Debug\Resources\light-theme-p2move.wav">
      <Filter>Resource Files</Filter>
    </Media>
    <Media Include="..\Debug\Resources\wcsu-theme-p1move.wav">
      <Filter>Resource Files</Filter>
    </Media>
    <Media Include="..\Debug\Resources\wcsu-theme-p1win.wav">
      <Filter>Resource Files</Filter>
    </Media>
    <Media Include="..\Debug\Resources\wcsu-theme-p2move.wav">
      <Filter>Resource Files</Filter>
    </Media>
    <Media Include="..\Debug\Resources\wcsu-theme-p2win.wav">
      <Filter>Resource Files</Filter>
    </Media>
  </ItemGroup>
</Project>